
Microsoft Visual Studio Solution File, Format Version 11.00
# Visual Studio 2010
Project("{8BC9CEB8-8B4A-11D0-8D11-00A0C91BC942}") = "dlltest", "dlltest\dlltest.vcxproj", "{98F4E649-1583-45A3-8398-77DA3E1AECE9}"
EndProject
Project("{8BC9CEB8-8B4A-11D0-8D11-00A0C91BC942}") = "dll_rulproj", "..\dll_rulproj\dll_rulproj\dll_rulproj.vcxproj", "{42747685-BEC8-4625-A5B7-E6FA0897147B}"
EndProject
Global
	GlobalSection(SolutionConfigurationPlatforms) = preSolution
		Debug|Win32 = Debug|Win32
		Release|Win32 = Release|Win32
	EndGlobalSection
	GlobalSection(ProjectConfigurationPlatforms) = postSolution
		{98F4E649-1583-45A3-8398-77DA3E1AECE9}.Debug|Win32.ActiveCfg = Debug|Win32
		{98F4E649-1583-45A3-8398-77DA3E1AECE9}.Debug|Win32.Build.0 = Debug|Win32
		{98F4E649-1583-45A3-8398-77DA3E1AECE9}.Release|Win32.ActiveCfg = Release|Win32
		{98F4E649-1583-45A3-8398-77DA3E1AECE9}.Release|Win32.Build.0 = Release|Win32
		{42747685-BEC8-4625-A5B7-E6FA0897147B}.Debug|Win32.ActiveCfg = Debug|Win32
		{42747685-BEC8-4625-A5B7-E6FA0897147B}.Debug|Win32.Build.0 = Debug|Win32
		{42747685-BEC8-4625-A5B7-E6FA0897147B}.Release|Win32.ActiveCfg = Release|Win32
		{42747685-BEC8-4625-A5B7-E6FA0897147B}.Release|Win32.Build.0 = Release|Win32
	EndGlobalSection
	GlobalSection(SolutionProperties) = preSolution
		HideSolutionNode = FALSE
	EndGlobalSection
EndGlobal
